
Microsoft Visual Studio Solution File, Format Version 12.00
# Visual Studio Version 17
VisualStudioVersion = 17.3.32929.385
MinimumVisualStudioVersion = 10.0.40219.1
Project("{9A19103F-16F7-4668-BE54-9A1E7A4F7556}") = "MeshTopologyCollections", "MeshTopologyCollections\MeshTopologyCollections.csproj", "{8FAAA91E-3CAA-436E-9EB5-EFFABA503941}"
EndProject
Project("{9A19103F-16F7-4668-BE54-9A1E7A4F7556}") = "MeshTopologyCollectionsTests", "MeshTopologyCollectionsTests\MeshTopologyCollectionsTests.csproj", "{97AF99E7-FC9E-47A8-A3FB-8F53C64998AB}"
EndProject
Project("{FAE04EC0-301F-11D3-BF4B-00C04F79EFBC}") = "TestConsole", "TestConsole\TestConsole.csproj", "{3F347E8C-E4B1-4CEA-8A06-652E1429F193}"
EndProject
Global
	GlobalSection(SolutionConfigurationPlatforms) = preSolution
		Debug|Any CPU = Debug|Any CPU
		Release|Any CPU = Release|Any CPU
	EndGlobalSection
	GlobalSection(ProjectConfigurationPlatforms) = postSolution
		{8FAAA91E-3CAA-436E-9EB5-EFFABA503941}.Debug|Any CPU.ActiveCfg = Debug|Any CPU
		{8FAAA91E-3CAA-436E-9EB5-EFFABA503941}.Debug|Any CPU.Build.0 = Debug|Any CPU
		{8FAAA91E-3CAA-436E-9EB5-EFFABA503941}.Release|Any CPU.ActiveCfg = Release|Any CPU
		{8FAAA91E-3CAA-436E-9EB5-EFFABA503941}.Release|Any CPU.Build.0 = Release|Any CPU
		{97AF99E7-FC9E-47A8-A3FB-8F53C64998AB}.Debug|Any CPU.ActiveCfg = Debug|Any CPU
		{97AF99E7-FC9E-47A8-A3FB-8F53C64998AB}.Debug|Any CPU.Build.0 = Debug|Any CPU
		{97AF99E7-FC9E-47A8-A3FB-8F53C64998AB}.Release|Any CPU.ActiveCfg = Release|Any CPU
		{97AF99E7-FC9E-47A8-A3FB-8F53C64998AB}.Release|Any CPU.Build.0 = Release|Any CPU
		{3F347E8C-E4B1-4CEA-8A06-652E1429F193}.Debug|Any CPU.ActiveCfg = Debug|Any CPU
		{3F347E8C-E4B1-4CEA-8A06-652E1429F193}.Debug|Any CPU.Build.0 = Debug|Any CPU
		{3F347E8C-E4B1-4CEA-8A06-652E1429F193}.Release|Any CPU.ActiveCfg = Release|Any CPU
		{3F347E8C-E4B1-4CEA-8A06-652E1429F193}.Release|Any CPU.Build.0 = Release|Any CPU
	EndGlobalSection
	GlobalSection(SolutionProperties) = preSolution
		HideSolutionNode = FALSE
	EndGlobalSection
	GlobalSection(ExtensibilityGlobals) = postSolution
		SolutionGuid = {4E4AC615-BCDD-472C-9A61-43AC40633C06}
	EndGlobalSection
EndGlobal
